
Microsoft Visual Studio Solution File, Format Version 12.00
# Visual Studio 14
VisualStudioVersion = 14.0.25123.0
MinimumVisualStudioVersion = 10.0.40219.1
Project("{FAE04EC0-301F-11D3-BF4B-00C04F79EFBC}") = "Minesweeper.Domain", "Minesweeper.Core\Minesweeper.Domain.csproj", "{75485576-9886-40E6-B34D-8D4464D62737}"
EndProject
Project("{FAE04EC0-301F-11D3-BF4B-00C04F79EFBC}") = "Minesweeper.Test", "Minesweeper.Test\Minesweeper.Test.csproj", "{4E7F8DCC-FCB7-4C48-9BE9-595F8D70E05F}"
EndProject
Project("{FAE04EC0-301F-11D3-BF4B-00C04F79EFBC}") = "Minesweeper.Console", "Minesweeper.Console\Minesweeper.Console.csproj", "{2DA677D8-B322-4527-9193-8738123FC5E7}"
EndProject
Global
	GlobalSection(SolutionConfigurationPlatforms) = preSolution
		Debug|Any CPU = Debug|Any CPU
		Release|Any CPU = Release|Any CPU
	EndGlobalSection
	GlobalSection(ProjectConfigurationPlatforms) = postSolution
		{75485576-9886-40E6-B34D-8D4464D62737}.Debug|Any CPU.ActiveCfg = Debug|Any CPU
		{75485576-9886-40E6-B34D-8D4464D62737}.Debug|Any CPU.Build.0 = Debug|Any CPU
		{75485576-9886-40E6-B34D-8D4464D62737}.Release|Any CPU.ActiveCfg = Release|Any CPU
		{75485576-9886-40E6-B34D-8D4464D62737}.Release|Any CPU.Build.0 = Release|Any CPU
		{4E7F8DCC-FCB7-4C48-9BE9-595F8D70E05F}.Debug|Any CPU.ActiveCfg = Debug|Any CPU
		{4E7F8DCC-FCB7-4C48-9BE9-595F8D70E05F}.Debug|Any CPU.Build.0 = Debug|Any CPU
		{4E7F8DCC-FCB7-4C48-9BE9-595F8D70E05F}.Release|Any CPU.ActiveCfg = Release|Any CPU
		{4E7F8DCC-FCB7-4C48-9BE9-595F8D70E05F}.Release|Any CPU.Build.0 = Release|Any CPU
		{2DA677D8-B322-4527-9193-8738123FC5E7}.Debug|Any CPU.ActiveCfg = Debug|Any CPU
		{2DA677D8-B322-4527-9193-8738123FC5E7}.Debug|Any CPU.Build.0 = Debug|Any CPU
		{2DA677D8-B322-4527-9193-8738123FC5E7}.Release|Any CPU.ActiveCfg = Release|Any CPU
		{2DA677D8-B322-4527-9193-8738123FC5E7}.Release|Any CPU.Build.0 = Release|Any CPU
	EndGlobalSection
	GlobalSection(SolutionProperties) = preSolution
		HideSolutionNode = FALSE
	EndGlobalSection
EndGlobal
