
Microsoft Visual Studio Solution File, Format Version 12.00
# Visual Studio 15
VisualStudioVersion = 15.0.28010.2036
MinimumVisualStudioVersion = 10.0.40219.1
Project("{9A19103F-16F7-4668-BE54-9A1E7A4F7556}") = "Minesweeper.Domain", "Minesweeper.Domain\Minesweeper.Domain.csproj", "{ED5AE9E4-661E-4418-B09A-12DAFE0399B4}"
EndProject
Project("{9A19103F-16F7-4668-BE54-9A1E7A4F7556}") = "Minesweeper.UI", "Minesweeper.UI\Minesweeper.UI.csproj", "{0A6687FC-5768-4DDE-B34A-B1D04E262D05}"
EndProject
Project("{9A19103F-16F7-4668-BE54-9A1E7A4F7556}") = "Minesweeper.Domain.Test", "Minesweeper.Domain.Test\Minesweeper.Domain.Test.csproj", "{6A5C4257-0B92-49FB-81A6-A5B0DFD317EF}"
EndProject
Global
	GlobalSection(SolutionConfigurationPlatforms) = preSolution
		Debug|Any CPU = Debug|Any CPU
		Release|Any CPU = Release|Any CPU
	EndGlobalSection
	GlobalSection(ProjectConfigurationPlatforms) = postSolution
		{ED5AE9E4-661E-4418-B09A-12DAFE0399B4}.Debug|Any CPU.ActiveCfg = Debug|Any CPU
		{ED5AE9E4-661E-4418-B09A-12DAFE0399B4}.Debug|Any CPU.Build.0 = Debug|Any CPU
		{ED5AE9E4-661E-4418-B09A-12DAFE0399B4}.Release|Any CPU.ActiveCfg = Release|Any CPU
		{ED5AE9E4-661E-4418-B09A-12DAFE0399B4}.Release|Any CPU.Build.0 = Release|Any CPU
		{0A6687FC-5768-4DDE-B34A-B1D04E262D05}.Debug|Any CPU.ActiveCfg = Debug|Any CPU
		{0A6687FC-5768-4DDE-B34A-B1D04E262D05}.Debug|Any CPU.Build.0 = Debug|Any CPU
		{0A6687FC-5768-4DDE-B34A-B1D04E262D05}.Release|Any CPU.ActiveCfg = Release|Any CPU
		{0A6687FC-5768-4DDE-B34A-B1D04E262D05}.Release|Any CPU.Build.0 = Release|Any CPU
		{6A5C4257-0B92-49FB-81A6-A5B0DFD317EF}.Debug|Any CPU.ActiveCfg = Debug|Any CPU
		{6A5C4257-0B92-49FB-81A6-A5B0DFD317EF}.Debug|Any CPU.Build.0 = Debug|Any CPU
		{6A5C4257-0B92-49FB-81A6-A5B0DFD317EF}.Release|Any CPU.ActiveCfg = Release|Any CPU
		{6A5C4257-0B92-49FB-81A6-A5B0DFD317EF}.Release|Any CPU.Build.0 = Release|Any CPU
	EndGlobalSection
	GlobalSection(SolutionProperties) = preSolution
		HideSolutionNode = FALSE
	EndGlobalSection
	GlobalSection(ExtensibilityGlobals) = postSolution
		SolutionGuid = {0E29A093-4506-4CAA-81DD-DFDF8AB68E6E}
	EndGlobalSection
EndGlobal
